
Microsoft Visual Studio Solution File, Format Version 12.00
# Visual Studio Version 16
VisualStudioVersion = 16.0.31911.196
MinimumVisualStudioVersion = 10.0.40219.1
Project("{9A19103F-16F7-4668-BE54-9A1E7A4F7556}") = "Addition", "Addition\Addition.csproj", "{30FFEC6D-4161-41DA-8256-956F00E24BA5}"
EndProject
Project("{FAE04EC0-301F-11D3-BF4B-00C04F79EFBC}") = "Task_2", "Task_2\Task_2.csproj", "{2829A7AF-2069-459F-9830-5D48B72D5496}"
EndProject
Project("{FAE04EC0-301F-11D3-BF4B-00C04F79EFBC}") = "Task_3", "Task_3\Task_3.csproj", "{592A38FE-85B2-4076-ACBC-8B8D097B1508}"
EndProject
Global
	GlobalSection(SolutionConfigurationPlatforms) = preSolution
		Debug|Any CPU = Debug|Any CPU
		Release|Any CPU = Release|Any CPU
	EndGlobalSection
	GlobalSection(ProjectConfigurationPlatforms) = postSolution
		{30FFEC6D-4161-41DA-8256-956F00E24BA5}.Debug|Any CPU.ActiveCfg = Debug|Any CPU
		{30FFEC6D-4161-41DA-8256-956F00E24BA5}.Debug|Any CPU.Build.0 = Debug|Any CPU
		{30FFEC6D-4161-41DA-8256-956F00E24BA5}.Release|Any CPU.ActiveCfg = Release|Any CPU
		{30FFEC6D-4161-41DA-8256-956F00E24BA5}.Release|Any CPU.Build.0 = Release|Any CPU
		{2829A7AF-2069-459F-9830-5D48B72D5496}.Debug|Any CPU.ActiveCfg = Debug|Any CPU
		{2829A7AF-2069-459F-9830-5D48B72D5496}.Debug|Any CPU.Build.0 = Debug|Any CPU
		{2829A7AF-2069-459F-9830-5D48B72D5496}.Release|Any CPU.ActiveCfg = Release|Any CPU
		{2829A7AF-2069-459F-9830-5D48B72D5496}.Release|Any CPU.Build.0 = Release|Any CPU
		{592A38FE-85B2-4076-ACBC-8B8D097B1508}.Debug|Any CPU.ActiveCfg = Debug|Any CPU
		{592A38FE-85B2-4076-ACBC-8B8D097B1508}.Debug|Any CPU.Build.0 = Debug|Any CPU
		{592A38FE-85B2-4076-ACBC-8B8D097B1508}.Release|Any CPU.ActiveCfg = Release|Any CPU
		{592A38FE-85B2-4076-ACBC-8B8D097B1508}.Release|Any CPU.Build.0 = Release|Any CPU
	EndGlobalSection
	GlobalSection(SolutionProperties) = preSolution
		HideSolutionNode = FALSE
	EndGlobalSection
	GlobalSection(ExtensibilityGlobals) = postSolution
		SolutionGuid = {79E29784-CEFC-439F-93E3-32445BD495CC}
	EndGlobalSection
EndGlobal
